{
    "_readme": [
        "This file locks the dependencies of your project to a known state",
        "Read more about it at https://getcomposer.org/doc/01-basic-usage.md#installing-dependencies",
        "This file is @generated automatically"
    ],
    "content-hash": "29c348ec9dbea474d049d423cc528978",
    "packages": [
        {
            "name": "wpfactory/wpfactory-promoting-notice",
            "version": "v1.0.6",
            "source": {
                "type": "git",
                "url": "https://github.com/wpcodefactory/wpfactory-promoting-notice.git",
                "reference": "9b0dc91c32662ce9040b36a4b40827454e806856"
            },
            "dist": {
                "type": "zip",
                "url": "https://api.github.com/repos/wpcodefactory/wpfactory-promoting-notice/zipball/9b0dc91c32662ce9040b36a4b40827454e806856",
                "reference": "9b0dc91c32662ce9040b36a4b40827454e806856",
                "shasum": ""
            },
            "type": "library",
            "autoload": {
                "classmap": [
                    "src/php/"
                ],
                "files": [
                    "src/php/functions.php"
                ]
            },
            "support": {
                "source": "https://github.com/wpcodefactory/wpfactory-promoting-notice/tree/v1.0.6",
                "issues": "https://github.com/wpcodefactory/wpfactory-promoting-notice/issues"
            },
            "time": "2023-03-09T14:03:49+00:00"
        }
    ],
    "packages-dev": [],
    "aliases": [],
    "minimum-stability": "stable",
    "stability-flags": [],
    "prefer-stable": false,
    "prefer-lowest": false,
    "platform": [],
    "platform-dev": [],
    "plugin-api-version": "2.3.0"
}
